
Microsoft Visual Studio Solution File, Format Version 12.00
# Visual Studio Version 16
VisualStudioVersion = 16.0.28803.156
MinimumVisualStudioVersion = 10.0.40219.1
Project("{9A19103F-16F7-4668-BE54-9A1E7A4F7556}") = "POD_SSO", "SSO\POD_SSO.csproj", "{EE38B968-57D4-4745-9423-1064593D72B8}"
EndProject
Project("{9A19103F-16F7-4668-BE54-9A1E7A4F7556}") = "POD_UserOperation", "UserOperation\POD_UserOperation.csproj", "{45C8A354-C513-4A54-85A1-49AFEBC6C9D4}"
EndProject
Project("{9A19103F-16F7-4668-BE54-9A1E7A4F7556}") = "Demo", "Demo\Demo.csproj", "{E8FA7FEB-0E8F-42AA-88A4-7C733E09D27C}"
EndProject
Project("{9A19103F-16F7-4668-BE54-9A1E7A4F7556}") = "POD_Billing", "POD_Billing\POD_Billing.csproj", "{91168590-3E0D-4EE4-8E76-AADEE25DAA38}"
EndProject
Project("{9A19103F-16F7-4668-BE54-9A1E7A4F7556}") = "POD_Dealing", "POD_Dealing\POD_Dealing.csproj", "{E668F04B-72C8-4257-8089-ACC8828AA7B9}"
EndProject
Project("{FAE04EC0-301F-11D3-BF4B-00C04F79EFBC}") = "POD_Base_Service", "POD_Base_Service\POD_Base_Service.csproj", "{72E9B98C-6055-409D-ABDA-003527C6FDAB}"
EndProject
Global
	GlobalSection(SolutionConfigurationPlatforms) = preSolution
		Debug|Any CPU = Debug|Any CPU
		Release|Any CPU = Release|Any CPU
	EndGlobalSection
	GlobalSection(ProjectConfigurationPlatforms) = postSolution
		{EE38B968-57D4-4745-9423-1064593D72B8}.Debug|Any CPU.ActiveCfg = Debug|Any CPU
		{EE38B968-57D4-4745-9423-1064593D72B8}.Debug|Any CPU.Build.0 = Debug|Any CPU
		{EE38B968-57D4-4745-9423-1064593D72B8}.Release|Any CPU.ActiveCfg = Release|Any CPU
		{EE38B968-57D4-4745-9423-1064593D72B8}.Release|Any CPU.Build.0 = Release|Any CPU
		{45C8A354-C513-4A54-85A1-49AFEBC6C9D4}.Debug|Any CPU.ActiveCfg = Debug|Any CPU
		{45C8A354-C513-4A54-85A1-49AFEBC6C9D4}.Debug|Any CPU.Build.0 = Debug|Any CPU
		{45C8A354-C513-4A54-85A1-49AFEBC6C9D4}.Release|Any CPU.ActiveCfg = Release|Any CPU
		{45C8A354-C513-4A54-85A1-49AFEBC6C9D4}.Release|Any CPU.Build.0 = Release|Any CPU
		{E8FA7FEB-0E8F-42AA-88A4-7C733E09D27C}.Debug|Any CPU.ActiveCfg = Debug|Any CPU
		{E8FA7FEB-0E8F-42AA-88A4-7C733E09D27C}.Debug|Any CPU.Build.0 = Debug|Any CPU
		{E8FA7FEB-0E8F-42AA-88A4-7C733E09D27C}.Release|Any CPU.ActiveCfg = Release|Any CPU
		{E8FA7FEB-0E8F-42AA-88A4-7C733E09D27C}.Release|Any CPU.Build.0 = Release|Any CPU
		{91168590-3E0D-4EE4-8E76-AADEE25DAA38}.Debug|Any CPU.ActiveCfg = Debug|Any CPU
		{91168590-3E0D-4EE4-8E76-AADEE25DAA38}.Debug|Any CPU.Build.0 = Debug|Any CPU
		{91168590-3E0D-4EE4-8E76-AADEE25DAA38}.Release|Any CPU.ActiveCfg = Release|Any CPU
		{91168590-3E0D-4EE4-8E76-AADEE25DAA38}.Release|Any CPU.Build.0 = Release|Any CPU
		{E668F04B-72C8-4257-8089-ACC8828AA7B9}.Debug|Any CPU.ActiveCfg = Debug|Any CPU
		{E668F04B-72C8-4257-8089-ACC8828AA7B9}.Debug|Any CPU.Build.0 = Debug|Any CPU
		{E668F04B-72C8-4257-8089-ACC8828AA7B9}.Release|Any CPU.ActiveCfg = Release|Any CPU
		{E668F04B-72C8-4257-8089-ACC8828AA7B9}.Release|Any CPU.Build.0 = Release|Any CPU
		{72E9B98C-6055-409D-ABDA-003527C6FDAB}.Debug|Any CPU.ActiveCfg = Debug|Any CPU
		{72E9B98C-6055-409D-ABDA-003527C6FDAB}.Debug|Any CPU.Build.0 = Debug|Any CPU
		{72E9B98C-6055-409D-ABDA-003527C6FDAB}.Release|Any CPU.ActiveCfg = Release|Any CPU
		{72E9B98C-6055-409D-ABDA-003527C6FDAB}.Release|Any CPU.Build.0 = Release|Any CPU
	EndGlobalSection
	GlobalSection(SolutionProperties) = preSolution
		HideSolutionNode = FALSE
	EndGlobalSection
	GlobalSection(ExtensibilityGlobals) = postSolution
		SolutionGuid = {AAD87949-85D1-4F2A-B386-CED4EBA92760}
	EndGlobalSection
EndGlobal
